
Microsoft Visual Studio Solution File, Format Version 12.00
# Visual Studio Version 16
VisualStudioVersion = 16.0.29920.165
MinimumVisualStudioVersion = 10.0.40219.1
Project("{FAE04EC0-301F-11D3-BF4B-00C04F79EFBC}") = "DrawingBoard", "DrawingBoard\DrawingBoard.csproj", "{5A088C1F-CB3C-41F9-9D43-E8B9E7062598}"
EndProject
Global
	GlobalSection(SolutionConfigurationPlatforms) = preSolution
		Debug|Any CPU = Debug|Any CPU
		Release|Any CPU = Release|Any CPU
	EndGlobalSection
	GlobalSection(ProjectConfigurationPlatforms) = postSolution
		{5A088C1F-CB3C-41F9-9D43-E8B9E7062598}.Debug|Any CPU.ActiveCfg = Debug|Any CPU
		{5A088C1F-CB3C-41F9-9D43-E8B9E7062598}.Debug|Any CPU.Build.0 = Debug|Any CPU
		{5A088C1F-CB3C-41F9-9D43-E8B9E7062598}.Release|Any CPU.ActiveCfg = Release|Any CPU
		{5A088C1F-CB3C-41F9-9D43-E8B9E7062598}.Release|Any CPU.Build.0 = Release|Any CPU
	EndGlobalSection
	GlobalSection(SolutionProperties) = preSolution
		HideSolutionNode = FALSE
	EndGlobalSection
	GlobalSection(ExtensibilityGlobals) = postSolution
		SolutionGuid = {6DB5E9E0-DEF0-4474-B073-19D9FA7DF062}
	EndGlobalSection
EndGlobal
